PODS:
  - NetworkUtils (0.1.4):
    - PromisesSwift
  - PromisesObjC (1.2.6)
  - PromisesSwift (1.2.6):
    - PromisesObjC (= 1.2.6)

DEPENDENCIES:
  - NetworkUtils (from `../`)
  - PromisesSwift

SPEC REPOS:
  https://github.com/cocoapods/specs.git:
    - PromisesObjC
    - PromisesSwift

EXTERNAL SOURCES:
  NetworkUtils:
    :path: "../"

SPEC CHECKSUMS:
  NetworkUtils: 1b648e2ea358e666bf163b82345d9f85c2ab220a
  PromisesObjC: 60326422b6d692b9718a80666e67a9433862aa88
  PromisesSwift: b3219d5e6545d5d7e8ad8038b4ad139f7ee0b3f0

PODFILE CHECKSUM: fde2bb0b3165c5a513bfa186f765694de64766a2

COCOAPODS: 1.5.3
