PODS:
  - NetworkUtils (0.1.3):
    - PromisesSwift
  - PromisesObjC (1.2.4)
  - PromisesSwift (1.2.4):
    - PromisesObjC (= 1.2.4)

DEPENDENCIES:
  - NetworkUtils (from `../`)
  - PromisesSwift

SPEC REPOS:
  https://github.com/cocoapods/specs.git:
    - PromisesObjC
    - PromisesSwift

EXTERNAL SOURCES:
  NetworkUtils:
    :path: "../"

SPEC CHECKSUMS:
  NetworkUtils: a626faee56d0947507bac02aeac348cba3b2d8ca
  PromisesObjC: 4a3f2e30a0eb793e9bbb32cd367b625d4a14de5a
  PromisesSwift: 8e1d2cdbc3cafb4f09d4b82df12f645bc19ab64e

PODFILE CHECKSUM: fde2bb0b3165c5a513bfa186f765694de64766a2

COCOAPODS: 1.5.3
