PODS:
  - SwiftPromises (0.0.3)

DEPENDENCIES:
  - SwiftPromises (= 0.0.3)

SPEC REPOS:
  https://github.com/cocoapods/specs.git:
    - SwiftPromises

SPEC CHECKSUMS:
  SwiftPromises: b1ca651edb7f8aeb59989afc1c3102301826acb8

PODFILE CHECKSUM: 9e1aa36782d9f31561d091dd46e865c20d5502f2

COCOAPODS: 1.6.1
